// !$*UTF8*$!
{
	archiveVersion = 1;
	classes = {
	};
	objectVersion = 46;
	objects = {

/* Begin PBXBuildFile section */
		8E000EAC1912898D0092EBB7 /* NSData+Camouflage.m in Sources */ = {isa = PBXBuildFile; fileRef = 8E000EAB1912898D0092EBB7 /* NSData+Camouflage.m */; };
		8E4A20B7190E4B0F00BBA986 /* Foundation.framework in Frameworks */ = {isa = PBXBuildFile; fileRef = 8E4A20B6190E4B0F00BBA986 /* Foundation.framework */; };
		8E4A20C5190E4B0F00BBA986 /* XCTest.framework in Frameworks */ = {isa = PBXBuildFile; fileRef = 8E4A20C4190E4B0F00BBA986 /* XCTest.framework */; };
		8E4A20C6190E4B0F00BBA986 /* Foundation.framework in Frameworks */ = {isa = PBXBuildFile; fileRef = 8E4A20B6190E4B0F00BBA986 /* Foundation.framework */; };
		8E4A20C8190E4B0F00BBA986 /* UIKit.framework in Frameworks */ = {isa = PBXBuildFile; fileRef = 8E4A20C7190E4B0F00BBA986 /* UIKit.framework */; };
		8E4A20CB190E4B0F00BBA986 /* libCamouflage.a in Frameworks */ = {isa = PBXBuildFile; fileRef = 8E4A20B3190E4B0F00BBA986 /* libCamouflage.a */; };
		8E4A20D1190E4B0F00BBA986 /* InfoPlist.strings in Resources */ = {isa = PBXBuildFile; fileRef = 8E4A20CF190E4B0F00BBA986 /* InfoPlist.strings */; };
		8E4A20D3190E4B0F00BBA986 /* CamouflageTests.m in Sources */ = {isa = PBXBuildFile; fileRef = 8E4A20D2190E4B0F00BBA986 /* CamouflageTests.m */; };
		8E4A20DE190E4D7100BBA986 /* bmpfile.c in Sources */ = {isa = PBXBuildFile; fileRef = 8E4A20DC190E4D7100BBA986 /* bmpfile.c */; };
/* End PBXBuildFile section */

/* Begin PBXContainerItemProxy section */
		8E4A20C9190E4B0F00BBA986 /* PBXContainerItemProxy */ = {
			isa = PBXContainerItemProxy;
			containerPortal = 8E4A20AB190E4B0F00BBA986 /* Project object */;
			proxyType = 1;
			remoteGlobalIDString = 8E4A20B2190E4B0F00BBA986;
			remoteInfo = Camouflage;
		};
/* End PBXContainerItemProxy section */

/* Begin PBXCopyFilesBuildPhase section */
		8E4A20B1190E4B0F00BBA986 /* CopyFiles */ = {
			isa = PBXCopyFilesBuildPhase;
			buildActionMask = 2147483647;
			dstPath = "include/$(PRODUCT_NAME)";
			dstSubfolderSpec = 16;
			files = (
			);
			runOnlyForDeploymentPostprocessing = 0;
		};
/* End PBXCopyFilesBuildPhase section */

/* Begin PBXFileReference section */
		8E000EAA1912898D0092EBB7 /* NSData+Camouflage.h */ = {isa = PBXFileReference; fileEncoding = 4; lastKnownFileType = sourcecode.c.h; path = "NSData+Camouflage.h"; sourceTree = "<group>"; };
		8E000EAB1912898D0092EBB7 /* NSData+Camouflage.m */ = {isa = PBXFileReference; fileEncoding = 4; lastKnownFileType = sourcecode.c.objc; path = "NSData+Camouflage.m"; sourceTree = "<group>"; };
		8E4A20B3190E4B0F00BBA986 /* libCamouflage.a */ = {isa = PBXFileReference; explicitFileType = archive.ar; includeInIndex = 0; path = libCamouflage.a; sourceTree = BUILT_PRODUCTS_DIR; };
		8E4A20B6190E4B0F00BBA986 /* Foundation.framework */ = {isa = PBXFileReference; lastKnownFileType = wrapper.framework; name = Foundation.framework; path = System/Library/Frameworks/Foundation.framework; sourceTree = SDKROOT; };
		8E4A20BA190E4B0F00BBA986 /* Camouflage-Prefix.pch */ = {isa = PBXFileReference; lastKnownFileType = sourcecode.c.h; path = "Camouflage-Prefix.pch"; sourceTree = "<group>"; };
		8E4A20C3190E4B0F00BBA986 /* CamouflageTests.xctest */ = {isa = PBXFileReference; explicitFileType = wrapper.cfbundle; includeInIndex = 0; path = CamouflageTests.xctest; sourceTree = BUILT_PRODUCTS_DIR; };
		8E4A20C4190E4B0F00BBA986 /* XCTest.framework */ = {isa = PBXFileReference; lastKnownFileType = wrapper.framework; name = XCTest.framework; path = Library/Frameworks/XCTest.framework; sourceTree = DEVELOPER_DIR; };
		8E4A20C7190E4B0F00BBA986 /* UIKit.framework */ = {isa = PBXFileReference; lastKnownFileType = wrapper.framework; name = UIKit.framework; path = Library/Frameworks/UIKit.framework; sourceTree = DEVELOPER_DIR; };
		8E4A20CE190E4B0F00BBA986 /* CamouflageTests-Info.plist */ = {isa = PBXFileReference; lastKnownFileType = text.plist.xml; path = "CamouflageTests-Info.plist"; sourceTree = "<group>"; };
		8E4A20D0190E4B0F00BBA986 /* en */ = {isa = PBXFileReference; lastKnownFileType = text.plist.strings; name = en; path = en.lproj/InfoPlist.strings; sourceTree = "<group>"; };
		8E4A20D2190E4B0F00BBA986 /* CamouflageTests.m */ = {isa = PBXFileReference; lastKnownFileType = sourcecode.c.objc; path = CamouflageTests.m; sourceTree = "<group>"; };
		8E4A20DC190E4D7100BBA986 /* bmpfile.c */ = {isa = PBXFileReference; fileEncoding = 4; lastKnownFileType = sourcecode.c.c; path = bmpfile.c; sourceTree = "<group>"; };
		8E4A20DD190E4D7100BBA986 /* bmpfile.h */ = {isa = PBXFileReference; fileEncoding = 4; lastKnownFileType = sourcecode.c.h; path = bmpfile.h; sourceTree = "<group>"; };
/* End PBXFileReference section */

/* Begin PBXFrameworksBuildPhase section */
		8E4A20B0190E4B0F00BBA986 /* Frameworks */ = {
			isa = PBXFrameworksBuildPhase;
			buildActionMask = 2147483647;
			files = (
				8E4A20B7190E4B0F00BBA986 /* Foundation.framework in Frameworks */,
			);
			runOnlyForDeploymentPostprocessing = 0;
		};
		8E4A20C0190E4B0F00BBA986 /* Frameworks */ = {
			isa = PBXFrameworksBuildPhase;
			buildActionMask = 2147483647;
			files = (
				8E4A20C5190E4B0F00BBA986 /* XCTest.framework in Frameworks */,
				8E4A20CB190E4B0F00BBA986 /* libCamouflage.a in Frameworks */,
				8E4A20C8190E4B0F00BBA986 /* UIKit.framework in Frameworks */,
				8E4A20C6190E4B0F00BBA986 /* Foundation.framework in Frameworks */,
			);
			runOnlyForDeploymentPostprocessing = 0;
		};
/* End PBXFrameworksBuildPhase section */

/* Begin PBXGroup section */
		8E4A20AA190E4B0F00BBA986 = {
			isa = PBXGroup;
			children = (
				8E4A20B8190E4B0F00BBA986 /* Camouflage */,
				8E4A20CC190E4B0F00BBA986 /* CamouflageTests */,
				8E4A20B5190E4B0F00BBA986 /* Frameworks */,
				8E4A20B4190E4B0F00BBA986 /* Products */,
			);
			sourceTree = "<group>";
		};
		8E4A20B4190E4B0F00BBA986 /* Products */ = {
			isa = PBXGroup;
			children = (
				8E4A20B3190E4B0F00BBA986 /* libCamouflage.a */,
				8E4A20C3190E4B0F00BBA986 /* CamouflageTests.xctest */,
			);
			name = Products;
			sourceTree = "<group>";
		};
		8E4A20B5190E4B0F00BBA986 /* Frameworks */ = {
			isa = PBXGroup;
			children = (
				8E4A20B6190E4B0F00BBA986 /* Foundation.framework */,
				8E4A20C4190E4B0F00BBA986 /* XCTest.framework */,
				8E4A20C7190E4B0F00BBA986 /* UIKit.framework */,
			);
			name = Frameworks;
			sourceTree = "<group>";
		};
		8E4A20B8190E4B0F00BBA986 /* Camouflage */ = {
			isa = PBXGroup;
			children = (
				8E4A20DD190E4D7100BBA986 /* bmpfile.h */,
				8E4A20DC190E4D7100BBA986 /* bmpfile.c */,
				8E000EAA1912898D0092EBB7 /* NSData+Camouflage.h */,
				8E000EAB1912898D0092EBB7 /* NSData+Camouflage.m */,
				8E4A20B9190E4B0F00BBA986 /* Supporting Files */,
			);
			path = Camouflage;
			sourceTree = "<group>";
		};
		8E4A20B9190E4B0F00BBA986 /* Supporting Files */ = {
			isa = PBXGroup;
			children = (
				8E4A20BA190E4B0F00BBA986 /* Camouflage-Prefix.pch */,
			);
			name = "Supporting Files";
			sourceTree = "<group>";
		};
		8E4A20CC190E4B0F00BBA986 /* CamouflageTests */ = {
			isa = PBXGroup;
			children = (
				8E4A20D2190E4B0F00BBA986 /* CamouflageTests.m */,
				8E4A20CD190E4B0F00BBA986 /* Supporting Files */,
			);
			path = CamouflageTests;
			sourceTree = "<group>";
		};
		8E4A20CD190E4B0F00BBA986 /* Supporting Files */ = {
			isa = PBXGroup;
			children = (
				8E4A20CE190E4B0F00BBA986 /* CamouflageTests-Info.plist */,
				8E4A20CF190E4B0F00BBA986 /* InfoPlist.strings */,
			);
			name = "Supporting Files";
			sourceTree = "<group>";
		};
/* End PBXGroup section */

/* Begin PBXNativeTarget section */
		8E4A20B2190E4B0F00BBA986 /* Camouflage */ = {
			isa = PBXNativeTarget;
			buildConfigurationList = 8E4A20D6190E4B0F00BBA986 /* Build configuration list for PBXNativeTarget "Camouflage" */;
			buildPhases = (
				8E4A20AF190E4B0F00BBA986 /* Sources */,
				8E4A20B0190E4B0F00BBA986 /* Frameworks */,
				8E4A20B1190E4B0F00BBA986 /* CopyFiles */,
			);
			buildRules = (
			);
			dependencies = (
			);
			name = Camouflage;
			productName = Camouflage;
			productReference = 8E4A20B3190E4B0F00BBA986 /* libCamouflage.a */;
			productType = "com.apple.product-type.library.static";
		};
		8E4A20C2190E4B0F00BBA986 /* CamouflageTests */ = {
			isa = PBXNativeTarget;
			buildConfigurationList = 8E4A20D9190E4B0F00BBA986 /* Build configuration list for PBXNativeTarget "CamouflageTests" */;
			buildPhases = (
				8E4A20BF190E4B0F00BBA986 /* Sources */,
				8E4A20C0190E4B0F00BBA986 /* Frameworks */,
				8E4A20C1190E4B0F00BBA986 /* Resources */,
			);
			buildRules = (
			);
			dependencies = (
				8E4A20CA190E4B0F00BBA986 /* PBXTargetDependency */,
			);
			name = CamouflageTests;
			productName = CamouflageTests;
			productReference = 8E4A20C3190E4B0F00BBA986 /* CamouflageTests.xctest */;
			productType = "com.apple.product-type.bundle.unit-test";
		};
/* End PBXNativeTarget section */

/* Begin PBXProject section */
		8E4A20AB190E4B0F00BBA986 /* Project object */ = {
			isa = PBXProject;
			attributes = {
				LastUpgradeCheck = 0510;
				ORGANIZATIONNAME = Sigmapoint;
			};
			buildConfigurationList = 8E4A20AE190E4B0F00BBA986 /* Build configuration list for PBXProject "Camouflage" */;
			compatibilityVersion = "Xcode 3.2";
			developmentRegion = English;
			hasScannedForEncodings = 0;
			knownRegions = (
				en,
			);
			mainGroup = 8E4A20AA190E4B0F00BBA986;
			productRefGroup = 8E4A20B4190E4B0F00BBA986 /* Products */;
			projectDirPath = "";
			projectRoot = "";
			targets = (
				8E4A20B2190E4B0F00BBA986 /* Camouflage */,
				8E4A20C2190E4B0F00BBA986 /* CamouflageTests */,
			);
		};
/* End PBXProject section */

/* Begin PBXResourcesBuildPhase section */
		8E4A20C1190E4B0F00BBA986 /* Resources */ = {
			isa = PBXResourcesBuildPhase;
			buildActionMask = 2147483647;
			files = (
				8E4A20D1190E4B0F00BBA986 /* InfoPlist.strings in Resources */,
			);
			runOnlyForDeploymentPostprocessing = 0;
		};
/* End PBXResourcesBuildPhase section */

/* Begin PBXSourcesBuildPhase section */
		8E4A20AF190E4B0F00BBA986 /* Sources */ = {
			isa = PBXSourcesBuildPhase;
			buildActionMask = 2147483647;
			files = (
				8E4A20DE190E4D7100BBA986 /* bmpfile.c in Sources */,
				8E000EAC1912898D0092EBB7 /* NSData+Camouflage.m in Sources */,
			);
			runOnlyForDeploymentPostprocessing = 0;
		};
		8E4A20BF190E4B0F00BBA986 /* Sources */ = {
			isa = PBXSourcesBuildPhase;
			buildActionMask = 2147483647;
			files = (
				8E4A20D3190E4B0F00BBA986 /* CamouflageTests.m in Sources */,
			);
			runOnlyForDeploymentPostprocessing = 0;
		};
/* End PBXSourcesBuildPhase section */

/* Begin PBXTargetDependency section */
		8E4A20CA190E4B0F00BBA986 /* PBXTargetDependency */ = {
			isa = PBXTargetDependency;
			target = 8E4A20B2190E4B0F00BBA986 /* Camouflage */;
			targetProxy = 8E4A20C9190E4B0F00BBA986 /* PBXContainerItemProxy */;
		};
/* End PBXTargetDependency section */

/* Begin PBXVariantGroup section */
		8E4A20CF190E4B0F00BBA986 /* InfoPlist.strings */ = {
			isa = PBXVariantGroup;
			children = (
				8E4A20D0190E4B0F00BBA986 /* en */,
			);
			name = InfoPlist.strings;
			sourceTree = "<group>";
		};
/* End PBXVariantGroup section */

/* Begin XCBuildConfiguration section */
		8E4A20D4190E4B0F00BBA986 /* Debug */ = {
			isa = XCBuildConfiguration;
			buildSettings = {
				ALWAYS_SEARCH_USER_PATHS = NO;
				CLANG_CXX_LANGUAGE_STANDARD = "gnu++0x";
				CLANG_CXX_LIBRARY = "libc++";
				CLANG_ENABLE_MODULES = YES;
				CLANG_ENABLE_OBJC_ARC = YES;
				CLANG_WARN_BOOL_CONVERSION = YES;
				CLANG_WARN_CONSTANT_CONVERSION = YES;
				CLANG_WARN_DIRECT_OBJC_ISA_USAGE = YES_ERROR;
				CLANG_WARN_EMPTY_BODY = YES;
				CLANG_WARN_ENUM_CONVERSION = YES;
				CLANG_WARN_INT_CONVERSION = YES;
				CLANG_WARN_OBJC_ROOT_CLASS = YES_ERROR;
				CLANG_WARN__DUPLICATE_METHOD_MATCH = YES;
				COPY_PHASE_STRIP = NO;
				GCC_C_LANGUAGE_STANDARD = gnu99;
				GCC_DYNAMIC_NO_PIC = NO;
				GCC_OPTIMIZATION_LEVEL = 0;
				GCC_PREPROCESSOR_DEFINITIONS = (
					"DEBUG=1",
					"$(inherited)",
				);
				GCC_SYMBOLS_PRIVATE_EXTERN = NO;
				GCC_WARN_64_TO_32_BIT_CONVERSION = YES;
				GCC_WARN_ABOUT_RETURN_TYPE = YES_ERROR;
				GCC_WARN_UNDECLARED_SELECTOR = YES;
				GCC_WARN_UNINITIALIZED_AUTOS = YES_AGGRESSIVE;
				GCC_WARN_UNUSED_FUNCTION = YES;
				GCC_WARN_UNUSED_VARIABLE = YES;
				IPHONEOS_DEPLOYMENT_TARGET = 7.1;
				ONLY_ACTIVE_ARCH = YES;
				SDKROOT = iphoneos;
			};
			name = Debug;
		};
		8E4A20D5190E4B0F00BBA986 /* Release */ = {
			isa = XCBuildConfiguration;
			buildSettings = {
				ALWAYS_SEARCH_USER_PATHS = NO;
				CLANG_CXX_LANGUAGE_STANDARD = "gnu++0x";
				CLANG_CXX_LIBRARY = "libc++";
				CLANG_ENABLE_MODULES = YES;
				CLANG_ENABLE_OBJC_ARC = YES;
				CLANG_WARN_BOOL_CONVERSION = YES;
				CLANG_WARN_CONSTANT_CONVERSION = YES;
				CLANG_WARN_DIRECT_OBJC_ISA_USAGE = YES_ERROR;
				CLANG_WARN_EMPTY_BODY = YES;
				CLANG_WARN_ENUM_CONVERSION = YES;
				CLANG_WARN_INT_CONVERSION = YES;
				CLANG_WARN_OBJC_ROOT_CLASS = YES_ERROR;
				CLANG_WARN__DUPLICATE_METHOD_MATCH = YES;
				COPY_PHASE_STRIP = YES;
				ENABLE_NS_ASSERTIONS = NO;
				GCC_C_LANGUAGE_STANDARD = gnu99;
				GCC_WARN_64_TO_32_BIT_CONVERSION = YES;
				GCC_WARN_ABOUT_RETURN_TYPE = YES_ERROR;
				GCC_WARN_UNDECLARED_SELECTOR = YES;
				GCC_WARN_UNINITIALIZED_AUTOS = YES_AGGRESSIVE;
				GCC_WARN_UNUSED_FUNCTION = YES;
				GCC_WARN_UNUSED_VARIABLE = YES;
				IPHONEOS_DEPLOYMENT_TARGET = 7.1;
				SDKROOT = iphoneos;
				VALIDATE_PRODUCT = YES;
			};
			name = Release;
		};
		8E4A20D7190E4B0F00BBA986 /* Debug */ = {
			isa = XCBuildConfiguration;
			buildSettings = {
				DSTROOT = /tmp/Camouflage.dst;
				GCC_PRECOMPILE_PREFIX_HEADER = YES;
				GCC_PREFIX_HEADER = "Camouflage/Camouflage-Prefix.pch";
				OTHER_LDFLAGS = "-ObjC";
				PRODUCT_NAME = "$(TARGET_NAME)";
				SKIP_INSTALL = YES;
			};
			name = Debug;
		};
		8E4A20D8190E4B0F00BBA986 /* Release */ = {
			isa = XCBuildConfiguration;
			buildSettings = {
				DSTROOT = /tmp/Camouflage.dst;
				GCC_PRECOMPILE_PREFIX_HEADER = YES;
				GCC_PREFIX_HEADER = "Camouflage/Camouflage-Prefix.pch";
				OTHER_LDFLAGS = "-ObjC";
				PRODUCT_NAME = "$(TARGET_NAME)";
				SKIP_INSTALL = YES;
			};
			name = Release;
		};
		8E4A20DA190E4B0F00BBA986 /* Debug */ = {
			isa = XCBuildConfiguration;
			buildSettings = {
				FRAMEWORK_SEARCH_PATHS = (
					"$(SDKROOT)/Developer/Library/Frameworks",
					"$(inherited)",
					"$(DEVELOPER_FRAMEWORKS_DIR)",
				);
				GCC_PRECOMPILE_PREFIX_HEADER = YES;
				GCC_PREFIX_HEADER = "Camouflage/Camouflage-Prefix.pch";
				GCC_PREPROCESSOR_DEFINITIONS = (
					"DEBUG=1",
					"$(inherited)",
				);
				INFOPLIST_FILE = "CamouflageTests/CamouflageTests-Info.plist";
				PRODUCT_NAME = "$(TARGET_NAME)";
				WRAPPER_EXTENSION = xctest;
			};
			name = Debug;
		};
		8E4A20DB190E4B0F00BBA986 /* Release */ = {
			isa = XCBuildConfiguration;
			buildSettings = {
				FRAMEWORK_SEARCH_PATHS = (
					"$(SDKROOT)/Developer/Library/Frameworks",
					"$(inherited)",
					"$(DEVELOPER_FRAMEWORKS_DIR)",
				);
				GCC_PRECOMPILE_PREFIX_HEADER = YES;
				GCC_PREFIX_HEADER = "Camouflage/Camouflage-Prefix.pch";
				INFOPLIST_FILE = "CamouflageTests/CamouflageTests-Info.plist";
				PRODUCT_NAME = "$(TARGET_NAME)";
				WRAPPER_EXTENSION = xctest;
			};
			name = Release;
		};
/* End XCBuildConfiguration section */

/* Begin XCConfigurationList section */
		8E4A20AE190E4B0F00BBA986 /* Build configuration list for PBXProject "Camouflage" */ = {
			isa = XCConfigurationList;
			buildConfigurations = (
				8E4A20D4190E4B0F00BBA986 /* Debug */,
				8E4A20D5190E4B0F00BBA986 /* Release */,
			);
			defaultConfigurationIsVisible = 0;
			defaultConfigurationName = Release;
		};
		8E4A20D6190E4B0F00BBA986 /* Build configuration list for PBXNativeTarget "Camouflage" */ = {
			isa = XCConfigurationList;
			buildConfigurations = (
				8E4A20D7190E4B0F00BBA986 /* Debug */,
				8E4A20D8190E4B0F00BBA986 /* Release */,
			);
			defaultConfigurationIsVisible = 0;
			defaultConfigurationName = Release;
		};
		8E4A20D9190E4B0F00BBA986 /* Build configuration list for PBXNativeTarget "CamouflageTests" */ = {
			isa = XCConfigurationList;
			buildConfigurations = (
				8E4A20DA190E4B0F00BBA986 /* Debug */,
				8E4A20DB190E4B0F00BBA986 /* Release */,
			);
			defaultConfigurationIsVisible = 0;
			defaultConfigurationName = Release;
		};
/* End XCConfigurationList section */
	};
	rootObject = 8E4A20AB190E4B0F00BBA986 /* Project object */;
}
